
Microsoft Visual Studio Solution File, Format Version 12.00
# Visual Studio 14
VisualStudioVersion = 14.0.25420.1
MinimumVisualStudioVersion = 10.0.40219.1
Project("{2150E333-8FDC-42A3-9474-1A3956D46DE8}") = "Modules", "Modules", "{497F50E7-E88F-4681-924E-6DF2089E8E5F}"
EndProject
Project("{2150E333-8FDC-42A3-9474-1A3956D46DE8}") = "DataBaseProvide", "DataBaseProvide", "{4106C432-A1CC-401E-BC18-6C855202304E}"
EndProject
Project("{2150E333-8FDC-42A3-9474-1A3956D46DE8}") = "Localisation", "Localisation", "{573BAFB5-FB98-488F-80F1-069B1152FD24}"
EndProject
Project("{2150E333-8FDC-42A3-9474-1A3956D46DE8}") = "Localisation", "Localisation", "{BEE8C4A8-AF54-4165-BCF4-B360B1A15BC9}"
EndProject
Project("{2150E333-8FDC-42A3-9474-1A3956D46DE8}") = "Components", "Components", "{90222938-31F4-49AD-BACC-BCA0AA474684}"
EndProject
Project("{2150E333-8FDC-42A3-9474-1A3956D46DE8}") = "Localisation", "Localisation", "{99DD9EC6-D227-4306-8B49-8D02DB5DADDD}"
EndProject
Project("{FAE04EC0-301F-11D3-BF4B-00C04F79EFBC}") = "Sheng.SailingEase.IDataBaseProvide", "..\Source\DataBaseProvide\Sheng.SailingEase.IDataBaseProvide\Sheng.SailingEase.IDataBaseProvide.csproj", "{960F2D9C-8DFB-4F9C-9501-B5F3E7C8E3F5}"
EndProject
Project("{FAE04EC0-301F-11D3-BF4B-00C04F79EFBC}") = "Sheng.SailingEase.SQLServer2005Provide", "..\Source\DataBaseProvide\Sheng.SailingEase.SQLServer2005Provide\Sheng.SailingEase.SQLServer2005Provide.csproj", "{3A0A4993-F075-4FB7-A62A-09F8D9BE6CBF}"
EndProject
Project("{FAE04EC0-301F-11D3-BF4B-00C04F79EFBC}") = "Core.Localisation", "..\Source\Localisation\Sheng.SailingEase.Core.Localisation\Core.Localisation.csproj", "{FEC62042-4320-4884-B005-2C8C78BA60C2}"
EndProject
Project("{FAE04EC0-301F-11D3-BF4B-00C04F79EFBC}") = "Drawing.Localisation", "..\Source\Localisation\Sheng.SailingEase.Drawing.Localisation\Drawing.Localisation.csproj", "{5E6C6CAD-1818-420D-A296-19F71AE66B72}"
EndProject
Project("{FAE04EC0-301F-11D3-BF4B-00C04F79EFBC}") = "Controls.Localisation", "..\Source\Localisation\Sheng.SailingEase.Controls.Localisation\Controls.Localisation.csproj", "{E0B8AD36-CC90-41F5-BD00-EC614569C9F9}"
EndProject
Project("{FAE04EC0-301F-11D3-BF4B-00C04F79EFBC}") = "Net.Localisation", "..\Source\Localisation\Sheng.SailingEase.Net.Localisation\Net.Localisation.csproj", "{B3AE16D4-E410-4262-8F8F-B52AA4AD0F8B}"
EndProject
Project("{FAE04EC0-301F-11D3-BF4B-00C04F79EFBC}") = "Shell.Localisation", "..\Source\Localisation\Sheng.SailingEase.Shell.Localisation\Shell.Localisation.csproj", "{27FA3AF1-CAE3-4EF8-A3AC-FDCBBA410CEB}"
EndProject
Project("{FAE04EC0-301F-11D3-BF4B-00C04F79EFBC}") = "Localisation", "..\Source\Localisation\Sheng.SailingEase.Localisation\Localisation.csproj", "{97F69338-465B-480F-87FB-A369EECA8D6E}"
EndProject
Project("{FAE04EC0-301F-11D3-BF4B-00C04F79EFBC}") = "ComponentModel.Design.Localisation", "..\Source\Localisation\Sheng.SailingEase.ComponentModel.Design.Localisation\ComponentModel.Design.Localisation.csproj", "{51C28918-B2B7-4304-AAA7-21AF888C4353}"
EndProject
Project("{FAE04EC0-301F-11D3-BF4B-00C04F79EFBC}") = "Infrastructure.Localisation", "..\Source\Localisation\Sheng.SailingEase.Infrastructure.Localisation\Infrastructure.Localisation.csproj", "{A7308EA9-795D-44F8-9B33-A4D611F0B1E9}"
EndProject
Project("{FAE04EC0-301F-11D3-BF4B-00C04F79EFBC}") = "Core.Development", "..\Source\Core.Development\Core.Development.csproj", "{A21A3B19-5EC9-4D2C-9EB3-61EA48CFBD27}"
EndProject
Project("{FAE04EC0-301F-11D3-BF4B-00C04F79EFBC}") = "Core.Development.Localisation", "..\Source\Localisation\Core.Development.Localisation\Core.Development.Localisation.csproj", "{F8C3809C-52E6-4E3D-963C-65BAD54E0908}"
EndProject
Project("{FAE04EC0-301F-11D3-BF4B-00C04F79EFBC}") = "ComponentModel", "..\Source\ComponentModel\ComponentModel.csproj", "{7CE78E82-D242-425C-BB96-6C27B193A9FF}"
EndProject
Project("{FAE04EC0-301F-11D3-BF4B-00C04F79EFBC}") = "ComponentModel.Design", "..\Source\ComponentModel.Design\ComponentModel.Design.csproj", "{13E156EC-1138-40A4-8A94-1533B4E78FE4}"
EndProject
Project("{FAE04EC0-301F-11D3-BF4B-00C04F79EFBC}") = "Controls", "..\Source\Controls\Controls.csproj", "{8947FDAE-9F4B-4D77-91AA-0704ACD83DBD}"
EndProject
Project("{FAE04EC0-301F-11D3-BF4B-00C04F79EFBC}") = "Controls.Extensions", "..\Source\Controls.Extensions\Controls.Extensions.csproj", "{9E383816-DC7E-46ED-A62F-D7C39665D00F}"
EndProject
Project("{FAE04EC0-301F-11D3-BF4B-00C04F79EFBC}") = "Core", "..\Source\Core\Core.csproj", "{84A60294-EF59-43C1-B7E5-4C12C164801D}"
EndProject
Project("{FAE04EC0-301F-11D3-BF4B-00C04F79EFBC}") = "Drawing", "..\Source\Drawing\Drawing.csproj", "{BCD80096-7B6F-4273-A031-186A610C84E5}"
EndProject
Project("{FAE04EC0-301F-11D3-BF4B-00C04F79EFBC}") = "Infrastructure", "..\Source\Infrastructure\Infrastructure.csproj", "{405E51B5-BEAC-4538-B176-30490B26873D}"
EndProject
Project("{FAE04EC0-301F-11D3-BF4B-00C04F79EFBC}") = "Kernal", "..\Source\Kernal\Kernal.csproj", "{125FB802-2C83-47DC-BA57-910064355CCD}"
EndProject
Project("{FAE04EC0-301F-11D3-BF4B-00C04F79EFBC}") = "Net", "..\Source\Net\Net.csproj", "{8C78F329-011B-4A98-B155-888AFC781062}"
EndProject
Project("{FAE04EC0-301F-11D3-BF4B-00C04F79EFBC}") = "RuntimeContract", "..\Source\RuntimeContract\RuntimeContract.csproj", "{DE64FBC0-F4C6-4595-BA1A-CBD278EFED03}"
EndProject
Project("{FAE04EC0-301F-11D3-BF4B-00C04F79EFBC}") = "Shell", "..\Source\Shell\Shell.csproj", "{BBD1B80A-6559-4F7B-A1DC-9F083EB55F51}"
EndProject
Project("{FAE04EC0-301F-11D3-BF4B-00C04F79EFBC}") = "Win32", "..\Source\Win32\Win32.csproj", "{946FFB43-4864-4967-8D69-8716CDA83F7A}"
EndProject
Project("{FAE04EC0-301F-11D3-BF4B-00C04F79EFBC}") = "Components.DataEntity.Localisation", "..\Source\Components\Localisation\Components.DataEntity.Localisation\Components.DataEntity.Localisation.csproj", "{9BA47CC6-5632-46FF-9945-FBA66AE8B449}"
EndProject
Project("{FAE04EC0-301F-11D3-BF4B-00C04F79EFBC}") = "Components.Dictionary.Localisation", "..\Source\Components\Localisation\Components.Dictionary.Localisation\Components.Dictionary.Localisation.csproj", "{BCDBFF6A-ADEE-4EC1-ADAB-3FE38B41EEAD}"
EndProject
Project("{FAE04EC0-301F-11D3-BF4B-00C04F79EFBC}") = "Components.Navigation.Localisation", "..\Source\Components\Localisation\Components.Navigation.Localisation\Components.Navigation.Localisation.csproj", "{5AAD0538-4ECB-4E31-9FAB-FF01C0C08226}"
EndProject
Project("{FAE04EC0-301F-11D3-BF4B-00C04F79EFBC}") = "Components.Window.Design.Localisation", "..\Source\Components\Localisation\Components.Window.Design.Localisation\Components.Window.Design.Localisation.csproj", "{F2699295-7497-47B9-8CB8-00B227B3939A}"
EndProject
Project("{FAE04EC0-301F-11D3-BF4B-00C04F79EFBC}") = "Components.DataEntity", "..\Source\Components\Components.DataEntity\Components.DataEntity.csproj", "{F27008BE-EC74-4DDB-840B-F223520DC690}"
EndProject
Project("{FAE04EC0-301F-11D3-BF4B-00C04F79EFBC}") = "Components.Dictionary", "..\Source\Components\Components.Dictionary\Components.Dictionary.csproj", "{EF8CC2BF-5393-4CA6-A4EB-817E52221556}"
EndProject
Project("{FAE04EC0-301F-11D3-BF4B-00C04F79EFBC}") = "Components.Navigation", "..\Source\Components\Components.Navigation\Components.Navigation.csproj", "{7D9BFAD9-1E5A-4521-B15C-D4D8CD45B15E}"
EndProject
Project("{FAE04EC0-301F-11D3-BF4B-00C04F79EFBC}") = "Components.Window", "..\Source\Components\Components.Window\Components.Window.csproj", "{55F25DBF-E8FE-4A89-9915-A2449C7A6CDA}"
EndProject
Project("{FAE04EC0-301F-11D3-BF4B-00C04F79EFBC}") = "Components.Window.Design", "..\Source\Components\Components.Window.Design\Components.Window.Design.csproj", "{C128F5C5-FEF2-41CB-89AE-50B725C26A22}"
EndProject
Project("{FAE04EC0-301F-11D3-BF4B-00C04F79EFBC}") = "Modules.Project.Localisation", "..\Source\Modules\Localisation\Modules.Project.Localisation\Modules.Project.Localisation.csproj", "{B404CDDB-0F54-40DD-9B72-7D38BE57BA78}"
EndProject
Project("{FAE04EC0-301F-11D3-BF4B-00C04F79EFBC}") = "Modules.StartPage.Localisation", "..\Source\Modules\Localisation\Modules.StartPage.Localisation\Modules.StartPage.Localisation.csproj", "{C998C783-4D66-4FA4-BB4C-514641BBDB44}"
EndProject
Project("{FAE04EC0-301F-11D3-BF4B-00C04F79EFBC}") = "Modules.Option", "..\Source\Modules\Modules.Option\Modules.Option.csproj", "{514C9387-29F7-4E90-817B-853E547672B2}"
EndProject
Project("{FAE04EC0-301F-11D3-BF4B-00C04F79EFBC}") = "Modules.Project", "..\Source\Modules\Modules.Project\Modules.Project.csproj", "{DA1E4037-4203-4309-876E-0EFBD80B9246}"
EndProject
Project("{FAE04EC0-301F-11D3-BF4B-00C04F79EFBC}") = "Modules.StartPage", "..\Source\Modules\Modules.StartPage\Modules.StartPage.csproj", "{68EC6F07-0C9B-4300-A802-A0CFC8BB4AFB}"
EndProject
Project("{F088123C-0E9E-452A-89E6-6BA2F21D5CAC}") = "ModelingProject", "..\Source\ModelingProject\ModelingProject.modelproj", "{8BCFD14E-3C76-40A9-9E4F-0042911C3566}"
EndProject
Project("{FAE04EC0-301F-11D3-BF4B-00C04F79EFBC}") = "Modules.Launch", "..\Source\Modules\Modules.Launch\Modules.Launch.csproj", "{9DE0B4EB-C3CC-4F73-9224-DFB45710C1CF}"
EndProject
Project("{FAE04EC0-301F-11D3-BF4B-00C04F79EFBC}") = "Components.Resource", "..\Source\Components\Components.Resource\Components.Resource.csproj", "{2FD571D7-8E05-4D28-A03F-355437D7B5FC}"
EndProject
Project("{FAE04EC0-301F-11D3-BF4B-00C04F79EFBC}") = "Components.Resource.Localisation", "..\Source\Components\Localisation\Components.Resource.Localisation\Components.Resource.Localisation.csproj", "{9DA18BFF-9413-40EB-AC87-7701BE48B8D3}"
EndProject
Project("{FAE04EC0-301F-11D3-BF4B-00C04F79EFBC}") = "Windows.Forms.Development.Localisation", "..\Source\Localisation\Windows.Forms.Development.Localisation\Windows.Forms.Development.Localisation.csproj", "{46A7B1B2-E706-4F02-B374-B3A4140BFCD4}"
EndProject
Project("{FAE04EC0-301F-11D3-BF4B-00C04F79EFBC}") = "Windows.Forms.Development", "..\Source\Windows.Forms.Development\Windows.Forms.Development.csproj", "{D884BB2B-C9BB-4A7B-AAD0-6715D611E2CA}"
EndProject
Project("{FAE04EC0-301F-11D3-BF4B-00C04F79EFBC}") = "Components.Window.Localisation", "..\Source\Components\Localisation\Components.Window.Localisation\Components.Window.Localisation.csproj", "{271D8125-73B2-44DD-A4E3-72E39044C44A}"
EndProject
Project("{FAE04EC0-301F-11D3-BF4B-00C04F79EFBC}") = "RegexTool", "..\Source\RegexTool\RegexTool.csproj", "{770F92AD-6027-4F42-B8E7-3F51C9AAE01E}"
EndProject
Project("{FAE04EC0-301F-11D3-BF4B-00C04F79EFBC}") = "Modules.DataBaseSource", "..\Source\Modules\Modules.DataBaseSource\Modules.DataBaseSource.csproj", "{C13C7FF3-5F12-47E3-80B2-B8EC3F9746D1}"
EndProject
Project("{FAE04EC0-301F-11D3-BF4B-00C04F79EFBC}") = "Modules.DataBaseSource.Localisation", "..\Source\Modules\Localisation\Modules.DataBaseSource.Localisation\Modules.DataBaseSource.Localisation.csproj", "{DF30EF10-820B-497E-B662-C9F1260A5C14}"
EndProject
Project("{FAE04EC0-301F-11D3-BF4B-00C04F79EFBC}") = "Data", "..\Source\Data\Data.csproj", "{C1022F65-6B85-475E-AFBA-C6EFC9A4ED0C}"
EndProject
Global
	GlobalSection(SolutionConfigurationPlatforms) = preSolution
		Debug|Any CPU = Debug|Any CPU
		Debug|Mixed Platforms = Debug|Mixed Platforms
		Debug|x86 = Debug|x86
		Release|Any CPU = Release|Any CPU
		Release|Mixed Platforms = Release|Mixed Platforms
		Release|x86 = Release|x86
	EndGlobalSection
	GlobalSection(ProjectConfigurationPlatforms) = postSolution
		{960F2D9C-8DFB-4F9C-9501-B5F3E7C8E3F5}.Debug|Any CPU.ActiveCfg = Debug|Any CPU
		{960F2D9C-8DFB-4F9C-9501-B5F3E7C8E3F5}.Debug|Any CPU.Build.0 = Debug|Any CPU
		{960F2D9C-8DFB-4F9C-9501-B5F3E7C8E3F5}.Debug|Mixed Platforms.ActiveCfg = Debug|Any CPU
		{960F2D9C-8DFB-4F9C-9501-B5F3E7C8E3F5}.Debug|Mixed Platforms.Build.0 = Debug|Any CPU
		{960F2D9C-8DFB-4F9C-9501-B5F3E7C8E3F5}.Debug|x86.ActiveCfg = Debug|Any CPU
		{960F2D9C-8DFB-4F9C-9501-B5F3E7C8E3F5}.Release|Any CPU.ActiveCfg = Release|Any CPU
		{960F2D9C-8DFB-4F9C-9501-B5F3E7C8E3F5}.Release|Any CPU.Build.0 = Release|Any CPU
		{960F2D9C-8DFB-4F9C-9501-B5F3E7C8E3F5}.Release|Mixed Platforms.ActiveCfg = Release|Any CPU
		{960F2D9C-8DFB-4F9C-9501-B5F3E7C8E3F5}.Release|Mixed Platforms.Build.0 = Release|Any CPU
		{960F2D9C-8DFB-4F9C-9501-B5F3E7C8E3F5}.Release|x86.ActiveCfg = Release|Any CPU
		{3A0A4993-F075-4FB7-A62A-09F8D9BE6CBF}.Debug|Any CPU.ActiveCfg = Debug|Any CPU
		{3A0A4993-F075-4FB7-A62A-09F8D9BE6CBF}.Debug|Any CPU.Build.0 = Debug|Any CPU
		{3A0A4993-F075-4FB7-A62A-09F8D9BE6CBF}.Debug|Mixed Platforms.ActiveCfg = Debug|Any CPU
		{3A0A4993-F075-4FB7-A62A-09F8D9BE6CBF}.Debug|Mixed Platforms.Build.0 = Debug|Any CPU
		{3A0A4993-F075-4FB7-A62A-09F8D9BE6CBF}.Debug|x86.ActiveCfg = Debug|Any CPU
		{3A0A4993-F075-4FB7-A62A-09F8D9BE6CBF}.Release|Any CPU.ActiveCfg = Release|Any CPU
		{3A0A4993-F075-4FB7-A62A-09F8D9BE6CBF}.Release|Any CPU.Build.0 = Release|Any CPU
		{3A0A4993-F075-4FB7-A62A-09F8D9BE6CBF}.Release|Mixed Platforms.ActiveCfg = Release|Any CPU
		{3A0A4993-F075-4FB7-A62A-09F8D9BE6CBF}.Release|Mixed Platforms.Build.0 = Release|Any CPU
		{3A0A4993-F075-4FB7-A62A-09F8D9BE6CBF}.Release|x86.ActiveCfg = Release|Any CPU
		{FEC62042-4320-4884-B005-2C8C78BA60C2}.Debug|Any CPU.ActiveCfg = Debug|Any CPU
		{FEC62042-4320-4884-B005-2C8C78BA60C2}.Debug|Any CPU.Build.0 = Debug|Any CPU
		{FEC62042-4320-4884-B005-2C8C78BA60C2}.Debug|Mixed Platforms.ActiveCfg = Debug|Any CPU
		{FEC62042-4320-4884-B005-2C8C78BA60C2}.Debug|Mixed Platforms.Build.0 = Debug|Any CPU
		{FEC62042-4320-4884-B005-2C8C78BA60C2}.Debug|x86.ActiveCfg = Debug|Any CPU
		{FEC62042-4320-4884-B005-2C8C78BA60C2}.Release|Any CPU.ActiveCfg = Release|Any CPU
		{FEC62042-4320-4884-B005-2C8C78BA60C2}.Release|Any CPU.Build.0 = Release|Any CPU
		{FEC62042-4320-4884-B005-2C8C78BA60C2}.Release|Mixed Platforms.ActiveCfg = Release|Any CPU
		{FEC62042-4320-4884-B005-2C8C78BA60C2}.Release|Mixed Platforms.Build.0 = Release|Any CPU
		{FEC62042-4320-4884-B005-2C8C78BA60C2}.Release|x86.ActiveCfg = Release|Any CPU
		{5E6C6CAD-1818-420D-A296-19F71AE66B72}.Debug|Any CPU.ActiveCfg = Debug|Any CPU
		{5E6C6CAD-1818-420D-A296-19F71AE66B72}.Debug|Any CPU.Build.0 = Debug|Any CPU
		{5E6C6CAD-1818-420D-A296-19F71AE66B72}.Debug|Mixed Platforms.ActiveCfg = Debug|Any CPU
		{5E6C6CAD-1818-420D-A296-19F71AE66B72}.Debug|Mixed Platforms.Build.0 = Debug|Any CPU
		{5E6C6CAD-1818-420D-A296-19F71AE66B72}.Debug|x86.ActiveCfg = Debug|Any CPU
		{5E6C6CAD-1818-420D-A296-19F71AE66B72}.Release|Any CPU.ActiveCfg = Release|Any CPU
		{5E6C6CAD-1818-420D-A296-19F71AE66B72}.Release|Any CPU.Build.0 = Release|Any CPU
		{5E6C6CAD-1818-420D-A296-19F71AE66B72}.Release|Mixed Platforms.ActiveCfg = Release|Any CPU
		{5E6C6CAD-1818-420D-A296-19F71AE66B72}.Release|Mixed Platforms.Build.0 = Release|Any CPU
		{5E6C6CAD-1818-420D-A296-19F71AE66B72}.Release|x86.ActiveCfg = Release|Any CPU
		{E0B8AD36-CC90-41F5-BD00-EC614569C9F9}.Debug|Any CPU.ActiveCfg = Debug|Any CPU
		{E0B8AD36-CC90-41F5-BD00-EC614569C9F9}.Debug|Any CPU.Build.0 = Debug|Any CPU
		{E0B8AD36-CC90-41F5-BD00-EC614569C9F9}.Debug|Mixed Platforms.ActiveCfg = Debug|Any CPU
		{E0B8AD36-CC90-41F5-BD00-EC614569C9F9}.Debug|Mixed Platforms.Build.0 = Debug|Any CPU
		{E0B8AD36-CC90-41F5-BD00-EC614569C9F9}.Debug|x86.ActiveCfg = Debug|Any CPU
		{E0B8AD36-CC90-41F5-BD00-EC614569C9F9}.Release|Any CPU.ActiveCfg = Release|Any CPU
		{E0B8AD36-CC90-41F5-BD00-EC614569C9F9}.Release|Any CPU.Build.0 = Release|Any CPU
		{E0B8AD36-CC90-41F5-BD00-EC614569C9F9}.Release|Mixed Platforms.ActiveCfg = Release|Any CPU
		{E0B8AD36-CC90-41F5-BD00-EC614569C9F9}.Release|Mixed Platforms.Build.0 = Release|Any CPU
		{E0B8AD36-CC90-41F5-BD00-EC614569C9F9}.Release|x86.ActiveCfg = Release|Any CPU
		{B3AE16D4-E410-4262-8F8F-B52AA4AD0F8B}.Debug|Any CPU.ActiveCfg = Debug|Any CPU
		{B3AE16D4-E410-4262-8F8F-B52AA4AD0F8B}.Debug|Any CPU.Build.0 = Debug|Any CPU
		{B3AE16D4-E410-4262-8F8F-B52AA4AD0F8B}.Debug|Mixed Platforms.ActiveCfg = Debug|Any CPU
		{B3AE16D4-E410-4262-8F8F-B52AA4AD0F8B}.Debug|Mixed Platforms.Build.0 = Debug|Any CPU
		{B3AE16D4-E410-4262-8F8F-B52AA4AD0F8B}.Debug|x86.ActiveCfg = Debug|Any CPU
		{B3AE16D4-E410-4262-8F8F-B52AA4AD0F8B}.Release|Any CPU.ActiveCfg = Release|Any CPU
		{B3AE16D4-E410-4262-8F8F-B52AA4AD0F8B}.Release|Any CPU.Build.0 = Release|Any CPU
		{B3AE16D4-E410-4262-8F8F-B52AA4AD0F8B}.Release|Mixed Platforms.ActiveCfg = Release|Any CPU
		{B3AE16D4-E410-4262-8F8F-B52AA4AD0F8B}.Release|Mixed Platforms.Build.0 = Release|Any CPU
		{B3AE16D4-E410-4262-8F8F-B52AA4AD0F8B}.Release|x86.ActiveCfg = Release|Any CPU
		{27FA3AF1-CAE3-4EF8-A3AC-FDCBBA410CEB}.Debug|Any CPU.ActiveCfg = Debug|Any CPU
		{27FA3AF1-CAE3-4EF8-A3AC-FDCBBA410CEB}.Debug|Any CPU.Build.0 = Debug|Any CPU
		{27FA3AF1-CAE3-4EF8-A3AC-FDCBBA410CEB}.Debug|Mixed Platforms.ActiveCfg = Debug|Any CPU
		{27FA3AF1-CAE3-4EF8-A3AC-FDCBBA410CEB}.Debug|Mixed Platforms.Build.0 = Debug|Any CPU
		{27FA3AF1-CAE3-4EF8-A3AC-FDCBBA410CEB}.Debug|x86.ActiveCfg = Debug|Any CPU
		{27FA3AF1-CAE3-4EF8-A3AC-FDCBBA410CEB}.Release|Any CPU.ActiveCfg = Release|Any CPU
		{27FA3AF1-CAE3-4EF8-A3AC-FDCBBA410CEB}.Release|Any CPU.Build.0 = Release|Any CPU
		{27FA3AF1-CAE3-4EF8-A3AC-FDCBBA410CEB}.Release|Mixed Platforms.ActiveCfg = Release|Any CPU
		{27FA3AF1-CAE3-4EF8-A3AC-FDCBBA410CEB}.Release|Mixed Platforms.Build.0 = Release|Any CPU
		{27FA3AF1-CAE3-4EF8-A3AC-FDCBBA410CEB}.Release|x86.ActiveCfg = Release|Any CPU
		{97F69338-465B-480F-87FB-A369EECA8D6E}.Debug|Any CPU.ActiveCfg = Debug|Any CPU
		{97F69338-465B-480F-87FB-A369EECA8D6E}.Debug|Any CPU.Build.0 = Debug|Any CPU
		{97F69338-465B-480F-87FB-A369EECA8D6E}.Debug|Mixed Platforms.ActiveCfg = Debug|Any CPU
		{97F69338-465B-480F-87FB-A369EECA8D6E}.Debug|Mixed Platforms.Build.0 = Debug|Any CPU
		{97F69338-465B-480F-87FB-A369EECA8D6E}.Debug|x86.ActiveCfg = Debug|Any CPU
		{97F69338-465B-480F-87FB-A369EECA8D6E}.Release|Any CPU.ActiveCfg = Release|Any CPU
		{97F69338-465B-480F-87FB-A369EECA8D6E}.Release|Any CPU.Build.0 = Release|Any CPU
		{97F69338-465B-480F-87FB-A369EECA8D6E}.Release|Mixed Platforms.ActiveCfg = Release|Any CPU
		{97F69338-465B-480F-87FB-A369EECA8D6E}.Release|Mixed Platforms.Build.0 = Release|Any CPU
		{97F69338-465B-480F-87FB-A369EECA8D6E}.Release|x86.ActiveCfg = Release|Any CPU
		{51C28918-B2B7-4304-AAA7-21AF888C4353}.Debug|Any CPU.ActiveCfg = Debug|Any CPU
		{51C28918-B2B7-4304-AAA7-21AF888C4353}.Debug|Any CPU.Build.0 = Debug|Any CPU
		{51C28918-B2B7-4304-AAA7-21AF888C4353}.Debug|Mixed Platforms.ActiveCfg = Debug|Any CPU
		{51C28918-B2B7-4304-AAA7-21AF888C4353}.Debug|Mixed Platforms.Build.0 = Debug|Any CPU
		{51C28918-B2B7-4304-AAA7-21AF888C4353}.Debug|x86.ActiveCfg = Debug|Any CPU
		{51C28918-B2B7-4304-AAA7-21AF888C4353}.Release|Any CPU.ActiveCfg = Release|Any CPU
		{51C28918-B2B7-4304-AAA7-21AF888C4353}.Release|Any CPU.Build.0 = Release|Any CPU
		{51C28918-B2B7-4304-AAA7-21AF888C4353}.Release|Mixed Platforms.ActiveCfg = Release|Any CPU
		{51C28918-B2B7-4304-AAA7-21AF888C4353}.Release|Mixed Platforms.Build.0 = Release|Any CPU
		{51C28918-B2B7-4304-AAA7-21AF888C4353}.Release|x86.ActiveCfg = Release|Any CPU
		{A7308EA9-795D-44F8-9B33-A4D611F0B1E9}.Debug|Any CPU.ActiveCfg = Debug|Any CPU
		{A7308EA9-795D-44F8-9B33-A4D611F0B1E9}.Debug|Any CPU.Build.0 = Debug|Any CPU
		{A7308EA9-795D-44F8-9B33-A4D611F0B1E9}.Debug|Mixed Platforms.ActiveCfg = Debug|Any CPU
		{A7308EA9-795D-44F8-9B33-A4D611F0B1E9}.Debug|Mixed Platforms.Build.0 = Debug|Any CPU
		{A7308EA9-795D-44F8-9B33-A4D611F0B1E9}.Debug|x86.ActiveCfg = Debug|Any CPU
		{A7308EA9-795D-44F8-9B33-A4D611F0B1E9}.Release|Any CPU.ActiveCfg = Release|Any CPU
		{A7308EA9-795D-44F8-9B33-A4D611F0B1E9}.Release|Any CPU.Build.0 = Release|Any CPU
		{A7308EA9-795D-44F8-9B33-A4D611F0B1E9}.Release|Mixed Platforms.ActiveCfg = Release|Any CPU
		{A7308EA9-795D-44F8-9B33-A4D611F0B1E9}.Release|Mixed Platforms.Build.0 = Release|Any CPU
		{A7308EA9-795D-44F8-9B33-A4D611F0B1E9}.Release|x86.ActiveCfg = Release|Any CPU
		{A21A3B19-5EC9-4D2C-9EB3-61EA48CFBD27}.Debug|Any CPU.ActiveCfg = Debug|Any CPU
		{A21A3B19-5EC9-4D2C-9EB3-61EA48CFBD27}.Debug|Any CPU.Build.0 = Debug|Any CPU
		{A21A3B19-5EC9-4D2C-9EB3-61EA48CFBD27}.Debug|Mixed Platforms.ActiveCfg = Debug|Any CPU
		{A21A3B19-5EC9-4D2C-9EB3-61EA48CFBD27}.Debug|Mixed Platforms.Build.0 = Debug|Any CPU
		{A21A3B19-5EC9-4D2C-9EB3-61EA48CFBD27}.Debug|x86.ActiveCfg = Debug|Any CPU
		{A21A3B19-5EC9-4D2C-9EB3-61EA48CFBD27}.Release|Any CPU.ActiveCfg = Release|Any CPU
		{A21A3B19-5EC9-4D2C-9EB3-61EA48CFBD27}.Release|Any CPU.Build.0 = Release|Any CPU
		{A21A3B19-5EC9-4D2C-9EB3-61EA48CFBD27}.Release|Mixed Platforms.ActiveCfg = Release|Any CPU
		{A21A3B19-5EC9-4D2C-9EB3-61EA48CFBD27}.Release|Mixed Platforms.Build.0 = Release|Any CPU
		{A21A3B19-5EC9-4D2C-9EB3-61EA48CFBD27}.Release|x86.ActiveCfg = Release|Any CPU
		{F8C3809C-52E6-4E3D-963C-65BAD54E0908}.Debug|Any CPU.ActiveCfg = Debug|Any CPU
		{F8C3809C-52E6-4E3D-963C-65BAD54E0908}.Debug|Any CPU.Build.0 = Debug|Any CPU
		{F8C3809C-52E6-4E3D-963C-65BAD54E0908}.Debug|Mixed Platforms.ActiveCfg = Debug|Any CPU
		{F8C3809C-52E6-4E3D-963C-65BAD54E0908}.Debug|Mixed Platforms.Build.0 = Debug|Any CPU
		{F8C3809C-52E6-4E3D-963C-65BAD54E0908}.Debug|x86.ActiveCfg = Debug|Any CPU
		{F8C3809C-52E6-4E3D-963C-65BAD54E0908}.Release|Any CPU.ActiveCfg = Release|Any CPU
		{F8C3809C-52E6-4E3D-963C-65BAD54E0908}.Release|Any CPU.Build.0 = Release|Any CPU
		{F8C3809C-52E6-4E3D-963C-65BAD54E0908}.Release|Mixed Platforms.ActiveCfg = Release|Any CPU
		{F8C3809C-52E6-4E3D-963C-65BAD54E0908}.Release|Mixed Platforms.Build.0 = Release|Any CPU
		{F8C3809C-52E6-4E3D-963C-65BAD54E0908}.Release|x86.ActiveCfg = Release|Any CPU
		{7CE78E82-D242-425C-BB96-6C27B193A9FF}.Debug|Any CPU.ActiveCfg = Debug|Any CPU
		{7CE78E82-D242-425C-BB96-6C27B193A9FF}.Debug|Any CPU.Build.0 = Debug|Any CPU
		{7CE78E82-D242-425C-BB96-6C27B193A9FF}.Debug|Mixed Platforms.ActiveCfg = Debug|Any CPU
		{7CE78E82-D242-425C-BB96-6C27B193A9FF}.Debug|Mixed Platforms.Build.0 = Debug|Any CPU
		{7CE78E82-D242-425C-BB96-6C27B193A9FF}.Debug|x86.ActiveCfg = Debug|Any CPU
		{7CE78E82-D242-425C-BB96-6C27B193A9FF}.Release|Any CPU.ActiveCfg = Release|Any CPU
		{7CE78E82-D242-425C-BB96-6C27B193A9FF}.Release|Any CPU.Build.0 = Release|Any CPU
		{7CE78E82-D242-425C-BB96-6C27B193A9FF}.Release|Mixed Platforms.ActiveCfg = Release|Any CPU
		{7CE78E82-D242-425C-BB96-6C27B193A9FF}.Release|Mixed Platforms.Build.0 = Release|Any CPU
		{7CE78E82-D242-425C-BB96-6C27B193A9FF}.Release|x86.ActiveCfg = Release|Any CPU
		{13E156EC-1138-40A4-8A94-1533B4E78FE4}.Debug|Any CPU.ActiveCfg = Debug|Any CPU
		{13E156EC-1138-40A4-8A94-1533B4E78FE4}.Debug|Any CPU.Build.0 = Debug|Any CPU
		{13E156EC-1138-40A4-8A94-1533B4E78FE4}.Debug|Mixed Platforms.ActiveCfg = Debug|Any CPU
		{13E156EC-1138-40A4-8A94-1533B4E78FE4}.Debug|Mixed Platforms.Build.0 = Debug|Any CPU
		{13E156EC-1138-40A4-8A94-1533B4E78FE4}.Debug|x86.ActiveCfg = Debug|Any CPU
		{13E156EC-1138-40A4-8A94-1533B4E78FE4}.Release|Any CPU.ActiveCfg = Release|Any CPU
		{13E156EC-1138-40A4-8A94-1533B4E78FE4}.Release|Any CPU.Build.0 = Release|Any CPU
		{13E156EC-1138-40A4-8A94-1533B4E78FE4}.Release|Mixed Platforms.ActiveCfg = Release|Any CPU
		{13E156EC-1138-40A4-8A94-1533B4E78FE4}.Release|Mixed Platforms.Build.0 = Release|Any CPU
		{13E156EC-1138-40A4-8A94-1533B4E78FE4}.Release|x86.ActiveCfg = Release|Any CPU
		{8947FDAE-9F4B-4D77-91AA-0704ACD83DBD}.Debug|Any CPU.ActiveCfg = Debug|Any CPU
		{8947FDAE-9F4B-4D77-91AA-0704ACD83DBD}.Debug|Any CPU.Build.0 = Debug|Any CPU
		{8947FDAE-9F4B-4D77-91AA-0704ACD83DBD}.Debug|Mixed Platforms.ActiveCfg = Debug|Any CPU
		{8947FDAE-9F4B-4D77-91AA-0704ACD83DBD}.Debug|Mixed Platforms.Build.0 = Debug|Any CPU
		{8947FDAE-9F4B-4D77-91AA-0704ACD83DBD}.Debug|x86.ActiveCfg = Debug|Any CPU
		{8947FDAE-9F4B-4D77-91AA-0704ACD83DBD}.Release|Any CPU.ActiveCfg = Release|Any CPU
		{8947FDAE-9F4B-4D77-91AA-0704ACD83DBD}.Release|Any CPU.Build.0 = Release|Any CPU
		{8947FDAE-9F4B-4D77-91AA-0704ACD83DBD}.Release|Mixed Platforms.ActiveCfg = Release|Any CPU
		{8947FDAE-9F4B-4D77-91AA-0704ACD83DBD}.Release|Mixed Platforms.Build.0 = Release|Any CPU
		{8947FDAE-9F4B-4D77-91AA-0704ACD83DBD}.Release|x86.ActiveCfg = Release|Any CPU
		{9E383816-DC7E-46ED-A62F-D7C39665D00F}.Debug|Any CPU.ActiveCfg = Debug|Any CPU
		{9E383816-DC7E-46ED-A62F-D7C39665D00F}.Debug|Any CPU.Build.0 = Debug|Any CPU
		{9E383816-DC7E-46ED-A62F-D7C39665D00F}.Debug|Mixed Platforms.ActiveCfg = Debug|Any CPU
		{9E383816-DC7E-46ED-A62F-D7C39665D00F}.Debug|Mixed Platforms.Build.0 = Debug|Any CPU
		{9E383816-DC7E-46ED-A62F-D7C39665D00F}.Debug|x86.ActiveCfg = Debug|Any CPU
		{9E383816-DC7E-46ED-A62F-D7C39665D00F}.Release|Any CPU.ActiveCfg = Release|Any CPU
		{9E383816-DC7E-46ED-A62F-D7C39665D00F}.Release|Any CPU.Build.0 = Release|Any CPU
		{9E383816-DC7E-46ED-A62F-D7C39665D00F}.Release|Mixed Platforms.ActiveCfg = Release|Any CPU
		{9E383816-DC7E-46ED-A62F-D7C39665D00F}.Release|Mixed Platforms.Build.0 = Release|Any CPU
		{9E383816-DC7E-46ED-A62F-D7C39665D00F}.Release|x86.ActiveCfg = Release|Any CPU
		{84A60294-EF59-43C1-B7E5-4C12C164801D}.Debug|Any CPU.ActiveCfg = Debug|Any CPU
		{84A60294-EF59-43C1-B7E5-4C12C164801D}.Debug|Any CPU.Build.0 = Debug|Any CPU
		{84A60294-EF59-43C1-B7E5-4C12C164801D}.Debug|Mixed Platforms.ActiveCfg = Debug|Any CPU
		{84A60294-EF59-43C1-B7E5-4C12C164801D}.Debug|Mixed Platforms.Build.0 = Debug|Any CPU
		{84A60294-EF59-43C1-B7E5-4C12C164801D}.Debug|x86.ActiveCfg = Debug|Any CPU
		{84A60294-EF59-43C1-B7E5-4C12C164801D}.Release|Any CPU.ActiveCfg = Release|Any CPU
		{84A60294-EF59-43C1-B7E5-4C12C164801D}.Release|Any CPU.Build.0 = Release|Any CPU
		{84A60294-EF59-43C1-B7E5-4C12C164801D}.Release|Mixed Platforms.ActiveCfg = Release|Any CPU
		{84A60294-EF59-43C1-B7E5-4C12C164801D}.Release|Mixed Platforms.Build.0 = Release|Any CPU
		{84A60294-EF59-43C1-B7E5-4C12C164801D}.Release|x86.ActiveCfg = Release|Any CPU
		{BCD80096-7B6F-4273-A031-186A610C84E5}.Debug|Any CPU.ActiveCfg = Debug|Any CPU
		{BCD80096-7B6F-4273-A031-186A610C84E5}.Debug|Any CPU.Build.0 = Debug|Any CPU
		{BCD80096-7B6F-4273-A031-186A610C84E5}.Debug|Mixed Platforms.ActiveCfg = Debug|Any CPU
		{BCD80096-7B6F-4273-A031-186A610C84E5}.Debug|Mixed Platforms.Build.0 = Debug|Any CPU
		{BCD80096-7B6F-4273-A031-186A610C84E5}.Debug|x86.ActiveCfg = Debug|Any CPU
		{BCD80096-7B6F-4273-A031-186A610C84E5}.Release|Any CPU.ActiveCfg = Release|Any CPU
		{BCD80096-7B6F-4273-A031-186A610C84E5}.Release|Any CPU.Build.0 = Release|Any CPU
		{BCD80096-7B6F-4273-A031-186A610C84E5}.Release|Mixed Platforms.ActiveCfg = Release|Any CPU
		{BCD80096-7B6F-4273-A031-186A610C84E5}.Release|Mixed Platforms.Build.0 = Release|Any CPU
		{BCD80096-7B6F-4273-A031-186A610C84E5}.Release|x86.ActiveCfg = Release|Any CPU
		{405E51B5-BEAC-4538-B176-30490B26873D}.Debug|Any CPU.ActiveCfg = Debug|Any CPU
		{405E51B5-BEAC-4538-B176-30490B26873D}.Debug|Any CPU.Build.0 = Debug|Any CPU
		{405E51B5-BEAC-4538-B176-30490B26873D}.Debug|Mixed Platforms.ActiveCfg = Debug|Any CPU
		{405E51B5-BEAC-4538-B176-30490B26873D}.Debug|Mixed Platforms.Build.0 = Debug|Any CPU
		{405E51B5-BEAC-4538-B176-30490B26873D}.Debug|x86.ActiveCfg = Debug|Any CPU
		{405E51B5-BEAC-4538-B176-30490B26873D}.Release|Any CPU.ActiveCfg = Release|Any CPU
		{405E51B5-BEAC-4538-B176-30490B26873D}.Release|Any CPU.Build.0 = Release|Any CPU
		{405E51B5-BEAC-4538-B176-30490B26873D}.Release|Mixed Platforms.ActiveCfg = Release|Any CPU
		{405E51B5-BEAC-4538-B176-30490B26873D}.Release|Mixed Platforms.Build.0 = Release|Any CPU
		{405E51B5-BEAC-4538-B176-30490B26873D}.Release|x86.ActiveCfg = Release|Any CPU
		{125FB802-2C83-47DC-BA57-910064355CCD}.Debug|Any CPU.ActiveCfg = Debug|Any CPU
		{125FB802-2C83-47DC-BA57-910064355CCD}.Debug|Any CPU.Build.0 = Debug|Any CPU
		{125FB802-2C83-47DC-BA57-910064355CCD}.Debug|Mixed Platforms.ActiveCfg = Debug|Any CPU
		{125FB802-2C83-47DC-BA57-910064355CCD}.Debug|Mixed Platforms.Build.0 = Debug|Any CPU
		{125FB802-2C83-47DC-BA57-910064355CCD}.Debug|x86.ActiveCfg = Debug|Any CPU
		{125FB802-2C83-47DC-BA57-910064355CCD}.Release|Any CPU.ActiveCfg = Release|Any CPU
		{125FB802-2C83-47DC-BA57-910064355CCD}.Release|Any CPU.Build.0 = Release|Any CPU
		{125FB802-2C83-47DC-BA57-910064355CCD}.Release|Mixed Platforms.ActiveCfg = Release|Any CPU
		{125FB802-2C83-47DC-BA57-910064355CCD}.Release|Mixed Platforms.Build.0 = Release|Any CPU
		{125FB802-2C83-47DC-BA57-910064355CCD}.Release|x86.ActiveCfg = Release|Any CPU
		{8C78F329-011B-4A98-B155-888AFC781062}.Debug|Any CPU.ActiveCfg = Debug|Any CPU
		{8C78F329-011B-4A98-B155-888AFC781062}.Debug|Any CPU.Build.0 = Debug|Any CPU
		{8C78F329-011B-4A98-B155-888AFC781062}.Debug|Mixed Platforms.ActiveCfg = Debug|Any CPU
		{8C78F329-011B-4A98-B155-888AFC781062}.Debug|Mixed Platforms.Build.0 = Debug|Any CPU
		{8C78F329-011B-4A98-B155-888AFC781062}.Debug|x86.ActiveCfg = Debug|Any CPU
		{8C78F329-011B-4A98-B155-888AFC781062}.Release|Any CPU.ActiveCfg = Release|Any CPU
		{8C78F329-011B-4A98-B155-888AFC781062}.Release|Any CPU.Build.0 = Release|Any CPU
		{8C78F329-011B-4A98-B155-888AFC781062}.Release|Mixed Platforms.ActiveCfg = Release|Any CPU
		{8C78F329-011B-4A98-B155-888AFC781062}.Release|Mixed Platforms.Build.0 = Release|Any CPU
		{8C78F329-011B-4A98-B155-888AFC781062}.Release|x86.ActiveCfg = Release|Any CPU
		{DE64FBC0-F4C6-4595-BA1A-CBD278EFED03}.Debug|Any CPU.ActiveCfg = Debug|Any CPU
		{DE64FBC0-F4C6-4595-BA1A-CBD278EFED03}.Debug|Any CPU.Build.0 = Debug|Any CPU
		{DE64FBC0-F4C6-4595-BA1A-CBD278EFED03}.Debug|Mixed Platforms.ActiveCfg = Debug|Any CPU
		{DE64FBC0-F4C6-4595-BA1A-CBD278EFED03}.Debug|Mixed Platforms.Build.0 = Debug|Any CPU
		{DE64FBC0-F4C6-4595-BA1A-CBD278EFED03}.Debug|x86.ActiveCfg = Debug|Any CPU
		{DE64FBC0-F4C6-4595-BA1A-CBD278EFED03}.Release|Any CPU.ActiveCfg = Release|Any CPU
		{DE64FBC0-F4C6-4595-BA1A-CBD278EFED03}.Release|Any CPU.Build.0 = Release|Any CPU
		{DE64FBC0-F4C6-4595-BA1A-CBD278EFED03}.Release|Mixed Platforms.ActiveCfg = Release|Any CPU
		{DE64FBC0-F4C6-4595-BA1A-CBD278EFED03}.Release|Mixed Platforms.Build.0 = Release|Any CPU
		{DE64FBC0-F4C6-4595-BA1A-CBD278EFED03}.Release|x86.ActiveCfg = Release|Any CPU
		{BBD1B80A-6559-4F7B-A1DC-9F083EB55F51}.Debug|Any CPU.ActiveCfg = Debug|x86
		{BBD1B80A-6559-4F7B-A1DC-9F083EB55F51}.Debug|Mixed Platforms.ActiveCfg = Debug|x86
		{BBD1B80A-6559-4F7B-A1DC-9F083EB55F51}.Debug|Mixed Platforms.Build.0 = Debug|x86
		{BBD1B80A-6559-4F7B-A1DC-9F083EB55F51}.Debug|x86.ActiveCfg = Debug|x86
		{BBD1B80A-6559-4F7B-A1DC-9F083EB55F51}.Debug|x86.Build.0 = Debug|x86
		{BBD1B80A-6559-4F7B-A1DC-9F083EB55F51}.Release|Any CPU.ActiveCfg = Release|x86
		{BBD1B80A-6559-4F7B-A1DC-9F083EB55F51}.Release|Mixed Platforms.ActiveCfg = Release|x86
		{BBD1B80A-6559-4F7B-A1DC-9F083EB55F51}.Release|Mixed Platforms.Build.0 = Release|x86
		{BBD1B80A-6559-4F7B-A1DC-9F083EB55F51}.Release|x86.ActiveCfg = Release|x86
		{BBD1B80A-6559-4F7B-A1DC-9F083EB55F51}.Release|x86.Build.0 = Release|x86
		{946FFB43-4864-4967-8D69-8716CDA83F7A}.Debug|Any CPU.ActiveCfg = Debug|Any CPU
		{946FFB43-4864-4967-8D69-8716CDA83F7A}.Debug|Any CPU.Build.0 = Debug|Any CPU
		{946FFB43-4864-4967-8D69-8716CDA83F7A}.Debug|Mixed Platforms.ActiveCfg = Debug|Any CPU
		{946FFB43-4864-4967-8D69-8716CDA83F7A}.Debug|Mixed Platforms.Build.0 = Debug|Any CPU
		{946FFB43-4864-4967-8D69-8716CDA83F7A}.Debug|x86.ActiveCfg = Debug|Any CPU
		{946FFB43-4864-4967-8D69-8716CDA83F7A}.Release|Any CPU.ActiveCfg = Release|Any CPU
		{946FFB43-4864-4967-8D69-8716CDA83F7A}.Release|Any CPU.Build.0 = Release|Any CPU
		{946FFB43-4864-4967-8D69-8716CDA83F7A}.Release|Mixed Platforms.ActiveCfg = Release|Any CPU
		{946FFB43-4864-4967-8D69-8716CDA83F7A}.Release|Mixed Platforms.Build.0 = Release|Any CPU
		{946FFB43-4864-4967-8D69-8716CDA83F7A}.Release|x86.ActiveCfg = Release|Any CPU
		{9BA47CC6-5632-46FF-9945-FBA66AE8B449}.Debug|Any CPU.ActiveCfg = Debug|Any CPU
		{9BA47CC6-5632-46FF-9945-FBA66AE8B449}.Debug|Any CPU.Build.0 = Debug|Any CPU
		{9BA47CC6-5632-46FF-9945-FBA66AE8B449}.Debug|Mixed Platforms.ActiveCfg = Debug|Any CPU
		{9BA47CC6-5632-46FF-9945-FBA66AE8B449}.Debug|Mixed Platforms.Build.0 = Debug|Any CPU
		{9BA47CC6-5632-46FF-9945-FBA66AE8B449}.Debug|x86.ActiveCfg = Debug|Any CPU
		{9BA47CC6-5632-46FF-9945-FBA66AE8B449}.Release|Any CPU.ActiveCfg = Release|Any CPU
		{9BA47CC6-5632-46FF-9945-FBA66AE8B449}.Release|Any CPU.Build.0 = Release|Any CPU
		{9BA47CC6-5632-46FF-9945-FBA66AE8B449}.Release|Mixed Platforms.ActiveCfg = Release|Any CPU
		{9BA47CC6-5632-46FF-9945-FBA66AE8B449}.Release|Mixed Platforms.Build.0 = Release|Any CPU
		{9BA47CC6-5632-46FF-9945-FBA66AE8B449}.Release|x86.ActiveCfg = Release|Any CPU
		{BCDBFF6A-ADEE-4EC1-ADAB-3FE38B41EEAD}.Debug|Any CPU.ActiveCfg = Debug|Any CPU
		{BCDBFF6A-ADEE-4EC1-ADAB-3FE38B41EEAD}.Debug|Any CPU.Build.0 = Debug|Any CPU
		{BCDBFF6A-ADEE-4EC1-ADAB-3FE38B41EEAD}.Debug|Mixed Platforms.ActiveCfg = Debug|Any CPU
		{BCDBFF6A-ADEE-4EC1-ADAB-3FE38B41EEAD}.Debug|Mixed Platforms.Build.0 = Debug|Any CPU
		{BCDBFF6A-ADEE-4EC1-ADAB-3FE38B41EEAD}.Debug|x86.ActiveCfg = Debug|Any CPU
		{BCDBFF6A-ADEE-4EC1-ADAB-3FE38B41EEAD}.Release|Any CPU.ActiveCfg = Release|Any CPU
		{BCDBFF6A-ADEE-4EC1-ADAB-3FE38B41EEAD}.Release|Any CPU.Build.0 = Release|Any CPU
		{BCDBFF6A-ADEE-4EC1-ADAB-3FE38B41EEAD}.Release|Mixed Platforms.ActiveCfg = Release|Any CPU
		{BCDBFF6A-ADEE-4EC1-ADAB-3FE38B41EEAD}.Release|Mixed Platforms.Build.0 = Release|Any CPU
		{BCDBFF6A-ADEE-4EC1-ADAB-3FE38B41EEAD}.Release|x86.ActiveCfg = Release|Any CPU
		{5AAD0538-4ECB-4E31-9FAB-FF01C0C08226}.Debug|Any CPU.ActiveCfg = Debug|Any CPU
		{5AAD0538-4ECB-4E31-9FAB-FF01C0C08226}.Debug|Any CPU.Build.0 = Debug|Any CPU
		{5AAD0538-4ECB-4E31-9FAB-FF01C0C08226}.Debug|Mixed Platforms.ActiveCfg = Debug|Any CPU
		{5AAD0538-4ECB-4E31-9FAB-FF01C0C08226}.Debug|Mixed Platforms.Build.0 = Debug|Any CPU
		{5AAD0538-4ECB-4E31-9FAB-FF01C0C08226}.Debug|x86.ActiveCfg = Debug|Any CPU
		{5AAD0538-4ECB-4E31-9FAB-FF01C0C08226}.Release|Any CPU.ActiveCfg = Release|Any CPU
		{5AAD0538-4ECB-4E31-9FAB-FF01C0C08226}.Release|Any CPU.Build.0 = Release|Any CPU
		{5AAD0538-4ECB-4E31-9FAB-FF01C0C08226}.Release|Mixed Platforms.ActiveCfg = Release|Any CPU
		{5AAD0538-4ECB-4E31-9FAB-FF01C0C08226}.Release|Mixed Platforms.Build.0 = Release|Any CPU
		{5AAD0538-4ECB-4E31-9FAB-FF01C0C08226}.Release|x86.ActiveCfg = Release|Any CPU
		{F2699295-7497-47B9-8CB8-00B227B3939A}.Debug|Any CPU.ActiveCfg = Debug|Any CPU
		{F2699295-7497-47B9-8CB8-00B227B3939A}.Debug|Any CPU.Build.0 = Debug|Any CPU
		{F2699295-7497-47B9-8CB8-00B227B3939A}.Debug|Mixed Platforms.ActiveCfg = Debug|Any CPU
		{F2699295-7497-47B9-8CB8-00B227B3939A}.Debug|Mixed Platforms.Build.0 = Debug|Any CPU
		{F2699295-7497-47B9-8CB8-00B227B3939A}.Debug|x86.ActiveCfg = Debug|Any CPU
		{F2699295-7497-47B9-8CB8-00B227B3939A}.Release|Any CPU.ActiveCfg = Release|Any CPU
		{F2699295-7497-47B9-8CB8-00B227B3939A}.Release|Any CPU.Build.0 = Release|Any CPU
		{F2699295-7497-47B9-8CB8-00B227B3939A}.Release|Mixed Platforms.ActiveCfg = Release|Any CPU
		{F2699295-7497-47B9-8CB8-00B227B3939A}.Release|Mixed Platforms.Build.0 = Release|Any CPU
		{F2699295-7497-47B9-8CB8-00B227B3939A}.Release|x86.ActiveCfg = Release|Any CPU
		{F27008BE-EC74-4DDB-840B-F223520DC690}.Debug|Any CPU.ActiveCfg = Debug|Any CPU
		{F27008BE-EC74-4DDB-840B-F223520DC690}.Debug|Any CPU.Build.0 = Debug|Any CPU
		{F27008BE-EC74-4DDB-840B-F223520DC690}.Debug|Mixed Platforms.ActiveCfg = Debug|Any CPU
		{F27008BE-EC74-4DDB-840B-F223520DC690}.Debug|Mixed Platforms.Build.0 = Debug|Any CPU
		{F27008BE-EC74-4DDB-840B-F223520DC690}.Debug|x86.ActiveCfg = Debug|Any CPU
		{F27008BE-EC74-4DDB-840B-F223520DC690}.Release|Any CPU.ActiveCfg = Release|Any CPU
		{F27008BE-EC74-4DDB-840B-F223520DC690}.Release|Any CPU.Build.0 = Release|Any CPU
		{F27008BE-EC74-4DDB-840B-F223520DC690}.Release|Mixed Platforms.ActiveCfg = Release|Any CPU
		{F27008BE-EC74-4DDB-840B-F223520DC690}.Release|Mixed Platforms.Build.0 = Release|Any CPU
		{F27008BE-EC74-4DDB-840B-F223520DC690}.Release|x86.ActiveCfg = Release|Any CPU
		{EF8CC2BF-5393-4CA6-A4EB-817E52221556}.Debug|Any CPU.ActiveCfg = Debug|Any CPU
		{EF8CC2BF-5393-4CA6-A4EB-817E52221556}.Debug|Any CPU.Build.0 = Debug|Any CPU
		{EF8CC2BF-5393-4CA6-A4EB-817E52221556}.Debug|Mixed Platforms.ActiveCfg = Debug|Any CPU
		{EF8CC2BF-5393-4CA6-A4EB-817E52221556}.Debug|Mixed Platforms.Build.0 = Debug|Any CPU
		{EF8CC2BF-5393-4CA6-A4EB-817E52221556}.Debug|x86.ActiveCfg = Debug|Any CPU
		{EF8CC2BF-5393-4CA6-A4EB-817E52221556}.Release|Any CPU.ActiveCfg = Release|Any CPU
		{EF8CC2BF-5393-4CA6-A4EB-817E52221556}.Release|Any CPU.Build.0 = Release|Any CPU
		{EF8CC2BF-5393-4CA6-A4EB-817E52221556}.Release|Mixed Platforms.ActiveCfg = Release|Any CPU
		{EF8CC2BF-5393-4CA6-A4EB-817E52221556}.Release|Mixed Platforms.Build.0 = Release|Any CPU
		{EF8CC2BF-5393-4CA6-A4EB-817E52221556}.Release|x86.ActiveCfg = Release|Any CPU
		{7D9BFAD9-1E5A-4521-B15C-D4D8CD45B15E}.Debug|Any CPU.ActiveCfg = Debug|Any CPU
		{7D9BFAD9-1E5A-4521-B15C-D4D8CD45B15E}.Debug|Any CPU.Build.0 = Debug|Any CPU
		{7D9BFAD9-1E5A-4521-B15C-D4D8CD45B15E}.Debug|Mixed Platforms.ActiveCfg = Debug|Any CPU
		{7D9BFAD9-1E5A-4521-B15C-D4D8CD45B15E}.Debug|Mixed Platforms.Build.0 = Debug|Any CPU
		{7D9BFAD9-1E5A-4521-B15C-D4D8CD45B15E}.Debug|x86.ActiveCfg = Debug|Any CPU
		{7D9BFAD9-1E5A-4521-B15C-D4D8CD45B15E}.Release|Any CPU.ActiveCfg = Release|Any CPU
		{7D9BFAD9-1E5A-4521-B15C-D4D8CD45B15E}.Release|Any CPU.Build.0 = Release|Any CPU
		{7D9BFAD9-1E5A-4521-B15C-D4D8CD45B15E}.Release|Mixed Platforms.ActiveCfg = Release|Any CPU
		{7D9BFAD9-1E5A-4521-B15C-D4D8CD45B15E}.Release|Mixed Platforms.Build.0 = Release|Any CPU
		{7D9BFAD9-1E5A-4521-B15C-D4D8CD45B15E}.Release|x86.ActiveCfg = Release|Any CPU
		{55F25DBF-E8FE-4A89-9915-A2449C7A6CDA}.Debug|Any CPU.ActiveCfg = Debug|Any CPU
		{55F25DBF-E8FE-4A89-9915-A2449C7A6CDA}.Debug|Any CPU.Build.0 = Debug|Any CPU
		{55F25DBF-E8FE-4A89-9915-A2449C7A6CDA}.Debug|Mixed Platforms.ActiveCfg = Debug|Any CPU
		{55F25DBF-E8FE-4A89-9915-A2449C7A6CDA}.Debug|Mixed Platforms.Build.0 = Debug|Any CPU
		{55F25DBF-E8FE-4A89-9915-A2449C7A6CDA}.Debug|x86.ActiveCfg = Debug|Any CPU
		{55F25DBF-E8FE-4A89-9915-A2449C7A6CDA}.Release|Any CPU.ActiveCfg = Release|Any CPU
		{55F25DBF-E8FE-4A89-9915-A2449C7A6CDA}.Release|Any CPU.Build.0 = Release|Any CPU
		{55F25DBF-E8FE-4A89-9915-A2449C7A6CDA}.Release|Mixed Platforms.ActiveCfg = Release|Any CPU
		{55F25DBF-E8FE-4A89-9915-A2449C7A6CDA}.Release|Mixed Platforms.Build.0 = Release|Any CPU
		{55F25DBF-E8FE-4A89-9915-A2449C7A6CDA}.Release|x86.ActiveCfg = Release|Any CPU
		{C128F5C5-FEF2-41CB-89AE-50B725C26A22}.Debug|Any CPU.ActiveCfg = Debug|Any CPU
		{C128F5C5-FEF2-41CB-89AE-50B725C26A22}.Debug|Any CPU.Build.0 = Debug|Any CPU
		{C128F5C5-FEF2-41CB-89AE-50B725C26A22}.Debug|Mixed Platforms.ActiveCfg = Debug|Any CPU
		{C128F5C5-FEF2-41CB-89AE-50B725C26A22}.Debug|Mixed Platforms.Build.0 = Debug|Any CPU
		{C128F5C5-FEF2-41CB-89AE-50B725C26A22}.Debug|x86.ActiveCfg = Debug|Any CPU
		{C128F5C5-FEF2-41CB-89AE-50B725C26A22}.Release|Any CPU.ActiveCfg = Release|Any CPU
		{C128F5C5-FEF2-41CB-89AE-50B725C26A22}.Release|Any CPU.Build.0 = Release|Any CPU
		{C128F5C5-FEF2-41CB-89AE-50B725C26A22}.Release|Mixed Platforms.ActiveCfg = Release|Any CPU
		{C128F5C5-FEF2-41CB-89AE-50B725C26A22}.Release|Mixed Platforms.Build.0 = Release|Any CPU
		{C128F5C5-FEF2-41CB-89AE-50B725C26A22}.Release|x86.ActiveCfg = Release|Any CPU
		{B404CDDB-0F54-40DD-9B72-7D38BE57BA78}.Debug|Any CPU.ActiveCfg = Debug|Any CPU
		{B404CDDB-0F54-40DD-9B72-7D38BE57BA78}.Debug|Any CPU.Build.0 = Debug|Any CPU
		{B404CDDB-0F54-40DD-9B72-7D38BE57BA78}.Debug|Mixed Platforms.ActiveCfg = Debug|Any CPU
		{B404CDDB-0F54-40DD-9B72-7D38BE57BA78}.Debug|Mixed Platforms.Build.0 = Debug|Any CPU
		{B404CDDB-0F54-40DD-9B72-7D38BE57BA78}.Debug|x86.ActiveCfg = Debug|Any CPU
		{B404CDDB-0F54-40DD-9B72-7D38BE57BA78}.Release|Any CPU.ActiveCfg = Release|Any CPU
		{B404CDDB-0F54-40DD-9B72-7D38BE57BA78}.Release|Any CPU.Build.0 = Release|Any CPU
		{B404CDDB-0F54-40DD-9B72-7D38BE57BA78}.Release|Mixed Platforms.ActiveCfg = Release|Any CPU
		{B404CDDB-0F54-40DD-9B72-7D38BE57BA78}.Release|Mixed Platforms.Build.0 = Release|Any CPU
		{B404CDDB-0F54-40DD-9B72-7D38BE57BA78}.Release|x86.ActiveCfg = Release|Any CPU
		{C998C783-4D66-4FA4-BB4C-514641BBDB44}.Debug|Any CPU.ActiveCfg = Debug|Any CPU
		{C998C783-4D66-4FA4-BB4C-514641BBDB44}.Debug|Any CPU.Build.0 = Debug|Any CPU
		{C998C783-4D66-4FA4-BB4C-514641BBDB44}.Debug|Mixed Platforms.ActiveCfg = Debug|Any CPU
		{C998C783-4D66-4FA4-BB4C-514641BBDB44}.Debug|Mixed Platforms.Build.0 = Debug|Any CPU
		{C998C783-4D66-4FA4-BB4C-514641BBDB44}.Debug|x86.ActiveCfg = Debug|Any CPU
		{C998C783-4D66-4FA4-BB4C-514641BBDB44}.Release|Any CPU.ActiveCfg = Release|Any CPU
		{C998C783-4D66-4FA4-BB4C-514641BBDB44}.Release|Any CPU.Build.0 = Release|Any CPU
		{C998C783-4D66-4FA4-BB4C-514641BBDB44}.Release|Mixed Platforms.ActiveCfg = Release|Any CPU
		{C998C783-4D66-4FA4-BB4C-514641BBDB44}.Release|Mixed Platforms.Build.0 = Release|Any CPU
		{C998C783-4D66-4FA4-BB4C-514641BBDB44}.Release|x86.ActiveCfg = Release|Any CPU
		{514C9387-29F7-4E90-817B-853E547672B2}.Debug|Any CPU.ActiveCfg = Debug|Any CPU
		{514C9387-29F7-4E90-817B-853E547672B2}.Debug|Any CPU.Build.0 = Debug|Any CPU
		{514C9387-29F7-4E90-817B-853E547672B2}.Debug|Mixed Platforms.ActiveCfg = Debug|Any CPU
		{514C9387-29F7-4E90-817B-853E547672B2}.Debug|Mixed Platforms.Build.0 = Debug|Any CPU
		{514C9387-29F7-4E90-817B-853E547672B2}.Debug|x86.ActiveCfg = Debug|Any CPU
		{514C9387-29F7-4E90-817B-853E547672B2}.Release|Any CPU.ActiveCfg = Release|Any CPU
		{514C9387-29F7-4E90-817B-853E547672B2}.Release|Any CPU.Build.0 = Release|Any CPU
		{514C9387-29F7-4E90-817B-853E547672B2}.Release|Mixed Platforms.ActiveCfg = Release|Any CPU
		{514C9387-29F7-4E90-817B-853E547672B2}.Release|Mixed Platforms.Build.0 = Release|Any CPU
		{514C9387-29F7-4E90-817B-853E547672B2}.Release|x86.ActiveCfg = Release|Any CPU
		{DA1E4037-4203-4309-876E-0EFBD80B9246}.Debug|Any CPU.ActiveCfg = Debug|Any CPU
		{DA1E4037-4203-4309-876E-0EFBD80B9246}.Debug|Any CPU.Build.0 = Debug|Any CPU
		{DA1E4037-4203-4309-876E-0EFBD80B9246}.Debug|Mixed Platforms.ActiveCfg = Debug|Any CPU
		{DA1E4037-4203-4309-876E-0EFBD80B9246}.Debug|Mixed Platforms.Build.0 = Debug|Any CPU
		{DA1E4037-4203-4309-876E-0EFBD80B9246}.Debug|x86.ActiveCfg = Debug|Any CPU
		{DA1E4037-4203-4309-876E-0EFBD80B9246}.Release|Any CPU.ActiveCfg = Release|Any CPU
		{DA1E4037-4203-4309-876E-0EFBD80B9246}.Release|Any CPU.Build.0 = Release|Any CPU
		{DA1E4037-4203-4309-876E-0EFBD80B9246}.Release|Mixed Platforms.ActiveCfg = Release|Any CPU
		{DA1E4037-4203-4309-876E-0EFBD80B9246}.Release|Mixed Platforms.Build.0 = Release|Any CPU
		{DA1E4037-4203-4309-876E-0EFBD80B9246}.Release|x86.ActiveCfg = Release|Any CPU
		{68EC6F07-0C9B-4300-A802-A0CFC8BB4AFB}.Debug|Any CPU.ActiveCfg = Debug|Any CPU
		{68EC6F07-0C9B-4300-A802-A0CFC8BB4AFB}.Debug|Any CPU.Build.0 = Debug|Any CPU
		{68EC6F07-0C9B-4300-A802-A0CFC8BB4AFB}.Debug|Mixed Platforms.ActiveCfg = Debug|Any CPU
		{68EC6F07-0C9B-4300-A802-A0CFC8BB4AFB}.Debug|Mixed Platforms.Build.0 = Debug|Any CPU
		{68EC6F07-0C9B-4300-A802-A0CFC8BB4AFB}.Debug|x86.ActiveCfg = Debug|Any CPU
		{68EC6F07-0C9B-4300-A802-A0CFC8BB4AFB}.Release|Any CPU.ActiveCfg = Release|Any CPU
		{68EC6F07-0C9B-4300-A802-A0CFC8BB4AFB}.Release|Any CPU.Build.0 = Release|Any CPU
		{68EC6F07-0C9B-4300-A802-A0CFC8BB4AFB}.Release|Mixed Platforms.ActiveCfg = Release|Any CPU
		{68EC6F07-0C9B-4300-A802-A0CFC8BB4AFB}.Release|Mixed Platforms.Build.0 = Release|Any CPU
		{68EC6F07-0C9B-4300-A802-A0CFC8BB4AFB}.Release|x86.ActiveCfg = Release|Any CPU
		{8BCFD14E-3C76-40A9-9E4F-0042911C3566}.Debug|Any CPU.ActiveCfg = Debug|Any CPU
		{8BCFD14E-3C76-40A9-9E4F-0042911C3566}.Debug|Any CPU.Build.0 = Debug|Any CPU
		{8BCFD14E-3C76-40A9-9E4F-0042911C3566}.Debug|Mixed Platforms.ActiveCfg = Debug|Any CPU
		{8BCFD14E-3C76-40A9-9E4F-0042911C3566}.Debug|Mixed Platforms.Build.0 = Debug|Any CPU
		{8BCFD14E-3C76-40A9-9E4F-0042911C3566}.Debug|x86.ActiveCfg = Debug|Any CPU
		{8BCFD14E-3C76-40A9-9E4F-0042911C3566}.Release|Any CPU.ActiveCfg = Release|Any CPU
		{8BCFD14E-3C76-40A9-9E4F-0042911C3566}.Release|Any CPU.Build.0 = Release|Any CPU
		{8BCFD14E-3C76-40A9-9E4F-0042911C3566}.Release|Mixed Platforms.ActiveCfg = Release|Any CPU
		{8BCFD14E-3C76-40A9-9E4F-0042911C3566}.Release|Mixed Platforms.Build.0 = Release|Any CPU
		{8BCFD14E-3C76-40A9-9E4F-0042911C3566}.Release|x86.ActiveCfg = Release|Any CPU
		{9DE0B4EB-C3CC-4F73-9224-DFB45710C1CF}.Debug|Any CPU.ActiveCfg = Debug|Any CPU
		{9DE0B4EB-C3CC-4F73-9224-DFB45710C1CF}.Debug|Any CPU.Build.0 = Debug|Any CPU
		{9DE0B4EB-C3CC-4F73-9224-DFB45710C1CF}.Debug|Mixed Platforms.ActiveCfg = Debug|Any CPU
		{9DE0B4EB-C3CC-4F73-9224-DFB45710C1CF}.Debug|Mixed Platforms.Build.0 = Debug|Any CPU
		{9DE0B4EB-C3CC-4F73-9224-DFB45710C1CF}.Debug|x86.ActiveCfg = Debug|Any CPU
		{9DE0B4EB-C3CC-4F73-9224-DFB45710C1CF}.Release|Any CPU.ActiveCfg = Release|Any CPU
		{9DE0B4EB-C3CC-4F73-9224-DFB45710C1CF}.Release|Any CPU.Build.0 = Release|Any CPU
		{9DE0B4EB-C3CC-4F73-9224-DFB45710C1CF}.Release|Mixed Platforms.ActiveCfg = Release|Any CPU
		{9DE0B4EB-C3CC-4F73-9224-DFB45710C1CF}.Release|Mixed Platforms.Build.0 = Release|Any CPU
		{9DE0B4EB-C3CC-4F73-9224-DFB45710C1CF}.Release|x86.ActiveCfg = Release|Any CPU
		{2FD571D7-8E05-4D28-A03F-355437D7B5FC}.Debug|Any CPU.ActiveCfg = Debug|Any CPU
		{2FD571D7-8E05-4D28-A03F-355437D7B5FC}.Debug|Any CPU.Build.0 = Debug|Any CPU
		{2FD571D7-8E05-4D28-A03F-355437D7B5FC}.Debug|Mixed Platforms.ActiveCfg = Debug|Any CPU
		{2FD571D7-8E05-4D28-A03F-355437D7B5FC}.Debug|Mixed Platforms.Build.0 = Debug|Any CPU
		{2FD571D7-8E05-4D28-A03F-355437D7B5FC}.Debug|x86.ActiveCfg = Debug|Any CPU
		{2FD571D7-8E05-4D28-A03F-355437D7B5FC}.Release|Any CPU.ActiveCfg = Release|Any CPU
		{2FD571D7-8E05-4D28-A03F-355437D7B5FC}.Release|Any CPU.Build.0 = Release|Any CPU
		{2FD571D7-8E05-4D28-A03F-355437D7B5FC}.Release|Mixed Platforms.ActiveCfg = Release|Any CPU
		{2FD571D7-8E05-4D28-A03F-355437D7B5FC}.Release|Mixed Platforms.Build.0 = Release|Any CPU
		{2FD571D7-8E05-4D28-A03F-355437D7B5FC}.Release|x86.ActiveCfg = Release|Any CPU
		{9DA18BFF-9413-40EB-AC87-7701BE48B8D3}.Debug|Any CPU.ActiveCfg = Debug|Any CPU
		{9DA18BFF-9413-40EB-AC87-7701BE48B8D3}.Debug|Any CPU.Build.0 = Debug|Any CPU
		{9DA18BFF-9413-40EB-AC87-7701BE48B8D3}.Debug|Mixed Platforms.ActiveCfg = Debug|Any CPU
		{9DA18BFF-9413-40EB-AC87-7701BE48B8D3}.Debug|Mixed Platforms.Build.0 = Debug|Any CPU
		{9DA18BFF-9413-40EB-AC87-7701BE48B8D3}.Debug|x86.ActiveCfg = Debug|Any CPU
		{9DA18BFF-9413-40EB-AC87-7701BE48B8D3}.Release|Any CPU.ActiveCfg = Release|Any CPU
		{9DA18BFF-9413-40EB-AC87-7701BE48B8D3}.Release|Any CPU.Build.0 = Release|Any CPU
		{9DA18BFF-9413-40EB-AC87-7701BE48B8D3}.Release|Mixed Platforms.ActiveCfg = Release|Any CPU
		{9DA18BFF-9413-40EB-AC87-7701BE48B8D3}.Release|Mixed Platforms.Build.0 = Release|Any CPU
		{9DA18BFF-9413-40EB-AC87-7701BE48B8D3}.Release|x86.ActiveCfg = Release|Any CPU
		{46A7B1B2-E706-4F02-B374-B3A4140BFCD4}.Debug|Any CPU.ActiveCfg = Debug|Any CPU
		{46A7B1B2-E706-4F02-B374-B3A4140BFCD4}.Debug|Any CPU.Build.0 = Debug|Any CPU
		{46A7B1B2-E706-4F02-B374-B3A4140BFCD4}.Debug|Mixed Platforms.ActiveCfg = Debug|Any CPU
		{46A7B1B2-E706-4F02-B374-B3A4140BFCD4}.Debug|Mixed Platforms.Build.0 = Debug|Any CPU
		{46A7B1B2-E706-4F02-B374-B3A4140BFCD4}.Debug|x86.ActiveCfg = Debug|Any CPU
		{46A7B1B2-E706-4F02-B374-B3A4140BFCD4}.Release|Any CPU.ActiveCfg = Release|Any CPU
		{46A7B1B2-E706-4F02-B374-B3A4140BFCD4}.Release|Any CPU.Build.0 = Release|Any CPU
		{46A7B1B2-E706-4F02-B374-B3A4140BFCD4}.Release|Mixed Platforms.ActiveCfg = Release|Any CPU
		{46A7B1B2-E706-4F02-B374-B3A4140BFCD4}.Release|Mixed Platforms.Build.0 = Release|Any CPU
		{46A7B1B2-E706-4F02-B374-B3A4140BFCD4}.Release|x86.ActiveCfg = Release|Any CPU
		{D884BB2B-C9BB-4A7B-AAD0-6715D611E2CA}.Debug|Any CPU.ActiveCfg = Debug|Any CPU
		{D884BB2B-C9BB-4A7B-AAD0-6715D611E2CA}.Debug|Any CPU.Build.0 = Debug|Any CPU
		{D884BB2B-C9BB-4A7B-AAD0-6715D611E2CA}.Debug|Mixed Platforms.ActiveCfg = Debug|Any CPU
		{D884BB2B-C9BB-4A7B-AAD0-6715D611E2CA}.Debug|Mixed Platforms.Build.0 = Debug|Any CPU
		{D884BB2B-C9BB-4A7B-AAD0-6715D611E2CA}.Debug|x86.ActiveCfg = Debug|Any CPU
		{D884BB2B-C9BB-4A7B-AAD0-6715D611E2CA}.Release|Any CPU.ActiveCfg = Release|Any CPU
		{D884BB2B-C9BB-4A7B-AAD0-6715D611E2CA}.Release|Any CPU.Build.0 = Release|Any CPU
		{D884BB2B-C9BB-4A7B-AAD0-6715D611E2CA}.Release|Mixed Platforms.ActiveCfg = Release|Any CPU
		{D884BB2B-C9BB-4A7B-AAD0-6715D611E2CA}.Release|Mixed Platforms.Build.0 = Release|Any CPU
		{D884BB2B-C9BB-4A7B-AAD0-6715D611E2CA}.Release|x86.ActiveCfg = Release|Any CPU
		{271D8125-73B2-44DD-A4E3-72E39044C44A}.Debug|Any CPU.ActiveCfg = Debug|Any CPU
		{271D8125-73B2-44DD-A4E3-72E39044C44A}.Debug|Any CPU.Build.0 = Debug|Any CPU
		{271D8125-73B2-44DD-A4E3-72E39044C44A}.Debug|Mixed Platforms.ActiveCfg = Debug|Any CPU
		{271D8125-73B2-44DD-A4E3-72E39044C44A}.Debug|Mixed Platforms.Build.0 = Debug|Any CPU
		{271D8125-73B2-44DD-A4E3-72E39044C44A}.Debug|x86.ActiveCfg = Debug|Any CPU
		{271D8125-73B2-44DD-A4E3-72E39044C44A}.Release|Any CPU.ActiveCfg = Release|Any CPU
		{271D8125-73B2-44DD-A4E3-72E39044C44A}.Release|Any CPU.Build.0 = Release|Any CPU
		{271D8125-73B2-44DD-A4E3-72E39044C44A}.Release|Mixed Platforms.ActiveCfg = Release|Any CPU
		{271D8125-73B2-44DD-A4E3-72E39044C44A}.Release|Mixed Platforms.Build.0 = Release|Any CPU
		{271D8125-73B2-44DD-A4E3-72E39044C44A}.Release|x86.ActiveCfg = Release|Any CPU
		{770F92AD-6027-4F42-B8E7-3F51C9AAE01E}.Debug|Any CPU.ActiveCfg = Debug|Any CPU
		{770F92AD-6027-4F42-B8E7-3F51C9AAE01E}.Debug|Any CPU.Build.0 = Debug|Any CPU
		{770F92AD-6027-4F42-B8E7-3F51C9AAE01E}.Debug|Mixed Platforms.ActiveCfg = Debug|Any CPU
		{770F92AD-6027-4F42-B8E7-3F51C9AAE01E}.Debug|Mixed Platforms.Build.0 = Debug|Any CPU
		{770F92AD-6027-4F42-B8E7-3F51C9AAE01E}.Debug|x86.ActiveCfg = Debug|Any CPU
		{770F92AD-6027-4F42-B8E7-3F51C9AAE01E}.Release|Any CPU.ActiveCfg = Release|Any CPU
		{770F92AD-6027-4F42-B8E7-3F51C9AAE01E}.Release|Any CPU.Build.0 = Release|Any CPU
		{770F92AD-6027-4F42-B8E7-3F51C9AAE01E}.Release|Mixed Platforms.ActiveCfg = Release|Any CPU
		{770F92AD-6027-4F42-B8E7-3F51C9AAE01E}.Release|Mixed Platforms.Build.0 = Release|Any CPU
		{770F92AD-6027-4F42-B8E7-3F51C9AAE01E}.Release|x86.ActiveCfg = Release|Any CPU
		{C13C7FF3-5F12-47E3-80B2-B8EC3F9746D1}.Debug|Any CPU.ActiveCfg = Debug|Any CPU
		{C13C7FF3-5F12-47E3-80B2-B8EC3F9746D1}.Debug|Any CPU.Build.0 = Debug|Any CPU
		{C13C7FF3-5F12-47E3-80B2-B8EC3F9746D1}.Debug|Mixed Platforms.ActiveCfg = Debug|Any CPU
		{C13C7FF3-5F12-47E3-80B2-B8EC3F9746D1}.Debug|Mixed Platforms.Build.0 = Debug|Any CPU
		{C13C7FF3-5F12-47E3-80B2-B8EC3F9746D1}.Debug|x86.ActiveCfg = Debug|Any CPU
		{C13C7FF3-5F12-47E3-80B2-B8EC3F9746D1}.Release|Any CPU.ActiveCfg = Release|Any CPU
		{C13C7FF3-5F12-47E3-80B2-B8EC3F9746D1}.Release|Any CPU.Build.0 = Release|Any CPU
		{C13C7FF3-5F12-47E3-80B2-B8EC3F9746D1}.Release|Mixed Platforms.ActiveCfg = Release|Any CPU
		{C13C7FF3-5F12-47E3-80B2-B8EC3F9746D1}.Release|Mixed Platforms.Build.0 = Release|Any CPU
		{C13C7FF3-5F12-47E3-80B2-B8EC3F9746D1}.Release|x86.ActiveCfg = Release|Any CPU
		{DF30EF10-820B-497E-B662-C9F1260A5C14}.Debug|Any CPU.ActiveCfg = Debug|Any CPU
		{DF30EF10-820B-497E-B662-C9F1260A5C14}.Debug|Any CPU.Build.0 = Debug|Any CPU
		{DF30EF10-820B-497E-B662-C9F1260A5C14}.Debug|Mixed Platforms.ActiveCfg = Debug|Any CPU
		{DF30EF10-820B-497E-B662-C9F1260A5C14}.Debug|Mixed Platforms.Build.0 = Debug|Any CPU
		{DF30EF10-820B-497E-B662-C9F1260A5C14}.Debug|x86.ActiveCfg = Debug|Any CPU
		{DF30EF10-820B-497E-B662-C9F1260A5C14}.Release|Any CPU.ActiveCfg = Release|Any CPU
		{DF30EF10-820B-497E-B662-C9F1260A5C14}.Release|Any CPU.Build.0 = Release|Any CPU
		{DF30EF10-820B-497E-B662-C9F1260A5C14}.Release|Mixed Platforms.ActiveCfg = Release|Any CPU
		{DF30EF10-820B-497E-B662-C9F1260A5C14}.Release|Mixed Platforms.Build.0 = Release|Any CPU
		{DF30EF10-820B-497E-B662-C9F1260A5C14}.Release|x86.ActiveCfg = Release|Any CPU
		{C1022F65-6B85-475E-AFBA-C6EFC9A4ED0C}.Debug|Any CPU.ActiveCfg = Debug|Any CPU
		{C1022F65-6B85-475E-AFBA-C6EFC9A4ED0C}.Debug|Any CPU.Build.0 = Debug|Any CPU
		{C1022F65-6B85-475E-AFBA-C6EFC9A4ED0C}.Debug|Mixed Platforms.ActiveCfg = Debug|Any CPU
		{C1022F65-6B85-475E-AFBA-C6EFC9A4ED0C}.Debug|Mixed Platforms.Build.0 = Debug|Any CPU
		{C1022F65-6B85-475E-AFBA-C6EFC9A4ED0C}.Debug|x86.ActiveCfg = Debug|Any CPU
		{C1022F65-6B85-475E-AFBA-C6EFC9A4ED0C}.Release|Any CPU.ActiveCfg = Release|Any CPU
		{C1022F65-6B85-475E-AFBA-C6EFC9A4ED0C}.Release|Any CPU.Build.0 = Release|Any CPU
		{C1022F65-6B85-475E-AFBA-C6EFC9A4ED0C}.Release|Mixed Platforms.ActiveCfg = Release|Any CPU
		{C1022F65-6B85-475E-AFBA-C6EFC9A4ED0C}.Release|Mixed Platforms.Build.0 = Release|Any CPU
		{C1022F65-6B85-475E-AFBA-C6EFC9A4ED0C}.Release|x86.ActiveCfg = Release|Any CPU
	EndGlobalSection
	GlobalSection(SolutionProperties) = preSolution
		HideSolutionNode = FALSE
	EndGlobalSection
	GlobalSection(NestedProjects) = preSolution
		{BEE8C4A8-AF54-4165-BCF4-B360B1A15BC9} = {497F50E7-E88F-4681-924E-6DF2089E8E5F}
		{99DD9EC6-D227-4306-8B49-8D02DB5DADDD} = {90222938-31F4-49AD-BACC-BCA0AA474684}
		{960F2D9C-8DFB-4F9C-9501-B5F3E7C8E3F5} = {4106C432-A1CC-401E-BC18-6C855202304E}
		{3A0A4993-F075-4FB7-A62A-09F8D9BE6CBF} = {4106C432-A1CC-401E-BC18-6C855202304E}
		{FEC62042-4320-4884-B005-2C8C78BA60C2} = {573BAFB5-FB98-488F-80F1-069B1152FD24}
		{5E6C6CAD-1818-420D-A296-19F71AE66B72} = {573BAFB5-FB98-488F-80F1-069B1152FD24}
		{E0B8AD36-CC90-41F5-BD00-EC614569C9F9} = {573BAFB5-FB98-488F-80F1-069B1152FD24}
		{B3AE16D4-E410-4262-8F8F-B52AA4AD0F8B} = {573BAFB5-FB98-488F-80F1-069B1152FD24}
		{27FA3AF1-CAE3-4EF8-A3AC-FDCBBA410CEB} = {573BAFB5-FB98-488F-80F1-069B1152FD24}
		{97F69338-465B-480F-87FB-A369EECA8D6E} = {573BAFB5-FB98-488F-80F1-069B1152FD24}
		{51C28918-B2B7-4304-AAA7-21AF888C4353} = {573BAFB5-FB98-488F-80F1-069B1152FD24}
		{A7308EA9-795D-44F8-9B33-A4D611F0B1E9} = {573BAFB5-FB98-488F-80F1-069B1152FD24}
		{F8C3809C-52E6-4E3D-963C-65BAD54E0908} = {573BAFB5-FB98-488F-80F1-069B1152FD24}
		{9BA47CC6-5632-46FF-9945-FBA66AE8B449} = {99DD9EC6-D227-4306-8B49-8D02DB5DADDD}
		{BCDBFF6A-ADEE-4EC1-ADAB-3FE38B41EEAD} = {99DD9EC6-D227-4306-8B49-8D02DB5DADDD}
		{5AAD0538-4ECB-4E31-9FAB-FF01C0C08226} = {99DD9EC6-D227-4306-8B49-8D02DB5DADDD}
		{F2699295-7497-47B9-8CB8-00B227B3939A} = {99DD9EC6-D227-4306-8B49-8D02DB5DADDD}
		{F27008BE-EC74-4DDB-840B-F223520DC690} = {90222938-31F4-49AD-BACC-BCA0AA474684}
		{EF8CC2BF-5393-4CA6-A4EB-817E52221556} = {90222938-31F4-49AD-BACC-BCA0AA474684}
		{7D9BFAD9-1E5A-4521-B15C-D4D8CD45B15E} = {90222938-31F4-49AD-BACC-BCA0AA474684}
		{55F25DBF-E8FE-4A89-9915-A2449C7A6CDA} = {90222938-31F4-49AD-BACC-BCA0AA474684}
		{C128F5C5-FEF2-41CB-89AE-50B725C26A22} = {90222938-31F4-49AD-BACC-BCA0AA474684}
		{B404CDDB-0F54-40DD-9B72-7D38BE57BA78} = {BEE8C4A8-AF54-4165-BCF4-B360B1A15BC9}
		{C998C783-4D66-4FA4-BB4C-514641BBDB44} = {BEE8C4A8-AF54-4165-BCF4-B360B1A15BC9}
		{514C9387-29F7-4E90-817B-853E547672B2} = {497F50E7-E88F-4681-924E-6DF2089E8E5F}
		{DA1E4037-4203-4309-876E-0EFBD80B9246} = {497F50E7-E88F-4681-924E-6DF2089E8E5F}
		{68EC6F07-0C9B-4300-A802-A0CFC8BB4AFB} = {497F50E7-E88F-4681-924E-6DF2089E8E5F}
		{9DE0B4EB-C3CC-4F73-9224-DFB45710C1CF} = {497F50E7-E88F-4681-924E-6DF2089E8E5F}
		{2FD571D7-8E05-4D28-A03F-355437D7B5FC} = {90222938-31F4-49AD-BACC-BCA0AA474684}
		{9DA18BFF-9413-40EB-AC87-7701BE48B8D3} = {99DD9EC6-D227-4306-8B49-8D02DB5DADDD}
		{46A7B1B2-E706-4F02-B374-B3A4140BFCD4} = {573BAFB5-FB98-488F-80F1-069B1152FD24}
		{271D8125-73B2-44DD-A4E3-72E39044C44A} = {99DD9EC6-D227-4306-8B49-8D02DB5DADDD}
		{C13C7FF3-5F12-47E3-80B2-B8EC3F9746D1} = {497F50E7-E88F-4681-924E-6DF2089E8E5F}
		{DF30EF10-820B-497E-B662-C9F1260A5C14} = {BEE8C4A8-AF54-4165-BCF4-B360B1A15BC9}
	EndGlobalSection
EndGlobal
